
Microsoft Visual Studio Solution File, Format Version 12.00
# Visual Studio Version 16
VisualStudioVersion = 16.0.31424.327
MinimumVisualStudioVersion = 10.0.40219.1
Project("{9A19103F-16F7-4668-BE54-9A1E7A4F7556}") = "BookShop.Web", "BookShop.Web\BookShop.Web.csproj", "{B426949F-CA9D-4FC1-8D18-369CEC997D62}"
EndProject
Project("{9A19103F-16F7-4668-BE54-9A1E7A4F7556}") = "BookShop.Dal", "BookShop.Dal\BookShop.Dal.csproj", "{2A1E810F-DFD5-40C7-9C91-8656172DB04F}"
EndProject
Project("{00D1A9C2-B5F0-4AF3-8072-F6C62B433612}") = "BookShopDB", "BookShopDB\BookShopDB.sqlproj", "{CF6C9AED-020C-4A2A-BFC6-3C03A40E9098}"
EndProject
Global
	GlobalSection(SolutionConfigurationPlatforms) = preSolution
		Debug|Any CPU = Debug|Any CPU
		Release|Any CPU = Release|Any CPU
	EndGlobalSection
	GlobalSection(ProjectConfigurationPlatforms) = postSolution
		{B426949F-CA9D-4FC1-8D18-369CEC997D62}.Debug|Any CPU.ActiveCfg = Debug|Any CPU
		{B426949F-CA9D-4FC1-8D18-369CEC997D62}.Debug|Any CPU.Build.0 = Debug|Any CPU
		{B426949F-CA9D-4FC1-8D18-369CEC997D62}.Release|Any CPU.ActiveCfg = Release|Any CPU
		{B426949F-CA9D-4FC1-8D18-369CEC997D62}.Release|Any CPU.Build.0 = Release|Any CPU
		{2A1E810F-DFD5-40C7-9C91-8656172DB04F}.Debug|Any CPU.ActiveCfg = Debug|Any CPU
		{2A1E810F-DFD5-40C7-9C91-8656172DB04F}.Debug|Any CPU.Build.0 = Debug|Any CPU
		{2A1E810F-DFD5-40C7-9C91-8656172DB04F}.Release|Any CPU.ActiveCfg = Release|Any CPU
		{2A1E810F-DFD5-40C7-9C91-8656172DB04F}.Release|Any CPU.Build.0 = Release|Any CPU
		{CF6C9AED-020C-4A2A-BFC6-3C03A40E9098}.Debug|Any CPU.ActiveCfg = Debug|Any CPU
		{CF6C9AED-020C-4A2A-BFC6-3C03A40E9098}.Debug|Any CPU.Build.0 = Debug|Any CPU
		{CF6C9AED-020C-4A2A-BFC6-3C03A40E9098}.Debug|Any CPU.Deploy.0 = Debug|Any CPU
		{CF6C9AED-020C-4A2A-BFC6-3C03A40E9098}.Release|Any CPU.ActiveCfg = Release|Any CPU
		{CF6C9AED-020C-4A2A-BFC6-3C03A40E9098}.Release|Any CPU.Build.0 = Release|Any CPU
		{CF6C9AED-020C-4A2A-BFC6-3C03A40E9098}.Release|Any CPU.Deploy.0 = Release|Any CPU
	EndGlobalSection
	GlobalSection(SolutionProperties) = preSolution
		HideSolutionNode = FALSE
	EndGlobalSection
	GlobalSection(ExtensibilityGlobals) = postSolution
		SolutionGuid = {8FCDD6AF-13B9-4763-AEEB-FBF91E1D2804}
	EndGlobalSection
EndGlobal
